// !$*UTF8*$!
{
	archiveVersion = 1;
	classes = {
	};
	objectVersion = 46;
	objects = {

/* Begin PBXBuildFile section */
		F759A57119C4E80700021ADC /* AppDelegate.swift in Sources */ = {isa = PBXBuildFile; fileRef = F759A57019C4E80700021ADC /* AppDelegate.swift */; };
		F759A57319C4E80700021ADC /* ViewController.swift in Sources */ = {isa = PBXBuildFile; fileRef = F759A57219C4E80700021ADC /* ViewController.swift */; };
		F759A57619C4E80700021ADC /* Main.storyboard in Resources */ = {isa = PBXBuildFile; fileRef = F759A57419C4E80700021ADC /* Main.storyboard */; };
		F759A57819C4E80700021ADC /* Images.xcassets in Resources */ = {isa = PBXBuildFile; fileRef = F759A57719C4E80700021ADC /* Images.xcassets */; };
		F759A58419C4E80800021ADC /* Project_2Tests.swift in Sources */ = {isa = PBXBuildFile; fileRef = F759A58319C4E80800021ADC /* Project_2Tests.swift */; };
		F759A58F19C4ED7500021ADC /* IntroViewController.swift in Sources */ = {isa = PBXBuildFile; fileRef = F759A58E19C4ED7500021ADC /* IntroViewController.swift */; };
		F759A59119C4FE8400021ADC /* SigninViewController.swift in Sources */ = {isa = PBXBuildFile; fileRef = F759A59019C4FE8400021ADC /* SigninViewController.swift */; };
		F759A59319C5171400021ADC /* TutorialViewController.swift in Sources */ = {isa = PBXBuildFile; fileRef = F759A59219C5171400021ADC /* TutorialViewController.swift */; };
		F759A59519C5329800021ADC /* TimelineViewController.swift in Sources */ = {isa = PBXBuildFile; fileRef = F759A59419C5329800021ADC /* TimelineViewController.swift */; };
		F759A59719C5386C00021ADC /* ConversationsViewController.swift in Sources */ = {isa = PBXBuildFile; fileRef = F759A59619C5386C00021ADC /* ConversationsViewController.swift */; };
		F759A59919C5388300021ADC /* SettingsViewController.swift in Sources */ = {isa = PBXBuildFile; fileRef = F759A59819C5388300021ADC /* SettingsViewController.swift */; };
		F759A59B19C5522C00021ADC /* AccountViewController.swift in Sources */ = {isa = PBXBuildFile; fileRef = F759A59A19C5522C00021ADC /* AccountViewController.swift */; };
		F759A59D19C55DEB00021ADC /* TermsViewController.swift in Sources */ = {isa = PBXBuildFile; fileRef = F759A59C19C55DEB00021ADC /* TermsViewController.swift */; };
/* End PBXBuildFile section */

/* Begin PBXContainerItemProxy section */
		F759A57E19C4E80800021ADC /* PBXContainerItemProxy */ = {
			isa = PBXContainerItemProxy;
			containerPortal = F759A56319C4E80700021ADC /* Project object */;
			proxyType = 1;
			remoteGlobalIDString = F759A56A19C4E80700021ADC;
			remoteInfo = Project_2;
		};
/* End PBXContainerItemProxy section */

/* Begin PBXFileReference section */
		F759A56B19C4E80700021ADC /* Project_2.app */ = {isa = PBXFileReference; explicitFileType = wrapper.application; includeInIndex = 0; path = Project_2.app; sourceTree = BUILT_PRODUCTS_DIR; };
		F759A56F19C4E80700021ADC /* Info.plist */ = {isa = PBXFileReference; lastKnownFileType = text.plist.xml; path = Info.plist; sourceTree = "<group>"; };
		F759A57019C4E80700021ADC /* AppDelegate.swift */ = {isa = PBXFileReference; lastKnownFileType = sourcecode.swift; path = AppDelegate.swift; sourceTree = "<group>"; };
		F759A57219C4E80700021ADC /* ViewController.swift */ = {isa = PBXFileReference; lastKnownFileType = sourcecode.swift; path = ViewController.swift; sourceTree = "<group>"; };
		F759A57519C4E80700021ADC /* Base */ = {isa = PBXFileReference; lastKnownFileType = file.storyboard; name = Base; path = Base.lproj/Main.storyboard; sourceTree = "<group>"; };
		F759A57719C4E80700021ADC /* Images.xcassets */ = {isa = PBXFileReference; lastKnownFileType = folder.assetcatalog; path = Images.xcassets; sourceTree = "<group>"; };
		F759A57D19C4E80700021ADC /* Project_2Tests.xctest */ = {isa = PBXFileReference; explicitFileType = wrapper.cfbundle; includeInIndex = 0; path = Project_2Tests.xctest; sourceTree = BUILT_PRODUCTS_DIR; };
		F759A58219C4E80800021ADC /* Info.plist */ = {isa = PBXFileReference; lastKnownFileType = text.plist.xml; path = Info.plist; sourceTree = "<group>"; };
		F759A58319C4E80800021ADC /* Project_2Tests.swift */ = {isa = PBXFileReference; lastKnownFileType = sourcecode.swift; path = Project_2Tests.swift; sourceTree = "<group>"; };
		F759A58E19C4ED7500021ADC /* IntroViewController.swift */ = {isa = PBXFileReference; fileEncoding = 4; lastKnownFileType = sourcecode.swift; path = IntroViewController.swift; sourceTree = "<group>"; };
		F759A59019C4FE8400021ADC /* SigninViewController.swift */ = {isa = PBXFileReference; fileEncoding = 4; lastKnownFileType = sourcecode.swift; path = SigninViewController.swift; sourceTree = "<group>"; };
		F759A59219C5171400021ADC /* TutorialViewController.swift */ = {isa = PBXFileReference; fileEncoding = 4; lastKnownFileType = sourcecode.swift; path = TutorialViewController.swift; sourceTree = "<group>"; };
		F759A59419C5329800021ADC /* TimelineViewController.swift */ = {isa = PBXFileReference; fileEncoding = 4; lastKnownFileType = sourcecode.swift; path = TimelineViewController.swift; sourceTree = "<group>"; };
		F759A59619C5386C00021ADC /* ConversationsViewController.swift */ = {isa = PBXFileReference; fileEncoding = 4; lastKnownFileType = sourcecode.swift; path = ConversationsViewController.swift; sourceTree = "<group>"; };
		F759A59819C5388300021ADC /* SettingsViewController.swift */ = {isa = PBXFileReference; fileEncoding = 4; lastKnownFileType = sourcecode.swift; path = SettingsViewController.swift; sourceTree = "<group>"; };
		F759A59A19C5522C00021ADC /* AccountViewController.swift */ = {isa = PBXFileReference; fileEncoding = 4; lastKnownFileType = sourcecode.swift; path = AccountViewController.swift; sourceTree = "<group>"; };
		F759A59C19C55DEB00021ADC /* TermsViewController.swift */ = {isa = PBXFileReference; fileEncoding = 4; lastKnownFileType = sourcecode.swift; path = TermsViewController.swift; sourceTree = "<group>"; };
/* End PBXFileReference section */

/* Begin PBXFrameworksBuildPhase section */
		F759A56819C4E80700021ADC /* Frameworks */ = {
			isa = PBXFrameworksBuildPhase;
			buildActionMask = 2147483647;
			files = (
			);
			runOnlyForDeploymentPostprocessing = 0;
		};
		F759A57A19C4E80700021ADC /* Frameworks */ = {
			isa = PBXFrameworksBuildPhase;
			buildActionMask = 2147483647;
			files = (
			);
			runOnlyForDeploymentPostprocessing = 0;
		};
/* End PBXFrameworksBuildPhase section */

/* Begin PBXGroup section */
		F759A56219C4E80700021ADC = {
			isa = PBXGroup;
			children = (
				F759A56D19C4E80700021ADC /* Project_2 */,
				F759A58019C4E80800021ADC /* Project_2Tests */,
				F759A56C19C4E80700021ADC /* Products */,
			);
			sourceTree = "<group>";
		};
		F759A56C19C4E80700021ADC /* Products */ = {
			isa = PBXGroup;
			children = (
				F759A56B19C4E80700021ADC /* Project_2.app */,
				F759A57D19C4E80700021ADC /* Project_2Tests.xctest */,
			);
			name = Products;
			sourceTree = "<group>";
		};
		F759A56D19C4E80700021ADC /* Project_2 */ = {
			isa = PBXGroup;
			children = (
				F759A57019C4E80700021ADC /* AppDelegate.swift */,
				F759A57219C4E80700021ADC /* ViewController.swift */,
				F759A57419C4E80700021ADC /* Main.storyboard */,
				F759A59019C4FE8400021ADC /* SigninViewController.swift */,
				F759A58E19C4ED7500021ADC /* IntroViewController.swift */,
				F759A57719C4E80700021ADC /* Images.xcassets */,
				F759A56E19C4E80700021ADC /* Supporting Files */,
				F759A59219C5171400021ADC /* TutorialViewController.swift */,
				F759A59419C5329800021ADC /* TimelineViewController.swift */,
				F759A59619C5386C00021ADC /* ConversationsViewController.swift */,
				F759A59819C5388300021ADC /* SettingsViewController.swift */,
				F759A59A19C5522C00021ADC /* AccountViewController.swift */,
				F759A59C19C55DEB00021ADC /* TermsViewController.swift */,
			);
			path = Project_2;
			sourceTree = "<group>";
		};
		F759A56E19C4E80700021ADC /* Supporting Files */ = {
			isa = PBXGroup;
			children = (
				F759A56F19C4E80700021ADC /* Info.plist */,
			);
			name = "Supporting Files";
			sourceTree = "<group>";
		};
		F759A58019C4E80800021ADC /* Project_2Tests */ = {
			isa = PBXGroup;
			children = (
				F759A58319C4E80800021ADC /* Project_2Tests.swift */,
				F759A58119C4E80800021ADC /* Supporting Files */,
			);
			path = Project_2Tests;
			sourceTree = "<group>";
		};
		F759A58119C4E80800021ADC /* Supporting Files */ = {
			isa = PBXGroup;
			children = (
				F759A58219C4E80800021ADC /* Info.plist */,
			);
			name = "Supporting Files";
			sourceTree = "<group>";
		};
/* End PBXGroup section */

/* Begin PBXNativeTarget section */
		F759A56A19C4E80700021ADC /* Project_2 */ = {
			isa = PBXNativeTarget;
			buildConfigurationList = F759A58719C4E80800021ADC /* Build configuration list for PBXNativeTarget "Project_2" */;
			buildPhases = (
				F759A56719C4E80700021ADC /* Sources */,
				F759A56819C4E80700021ADC /* Frameworks */,
				F759A56919C4E80700021ADC /* Resources */,
			);
			buildRules = (
			);
			dependencies = (
			);
			name = Project_2;
			productName = Project_2;
			productReference = F759A56B19C4E80700021ADC /* Project_2.app */;
			productType = "com.apple.product-type.application";
		};
		F759A57C19C4E80700021ADC /* Project_2Tests */ = {
			isa = PBXNativeTarget;
			buildConfigurationList = F759A58A19C4E80800021ADC /* Build configuration list for PBXNativeTarget "Project_2Tests" */;
			buildPhases = (
				F759A57919C4E80700021ADC /* Sources */,
				F759A57A19C4E80700021ADC /* Frameworks */,
				F759A57B19C4E80700021ADC /* Resources */,
			);
			buildRules = (
			);
			dependencies = (
				F759A57F19C4E80800021ADC /* PBXTargetDependency */,
			);
			name = Project_2Tests;
			productName = Project_2Tests;
			productReference = F759A57D19C4E80700021ADC /* Project_2Tests.xctest */;
			productType = "com.apple.product-type.bundle.unit-test";
		};
/* End PBXNativeTarget section */

/* Begin PBXProject section */
		F759A56319C4E80700021ADC /* Project object */ = {
			isa = PBXProject;
			attributes = {
				LastUpgradeCheck = 0600;
				ORGANIZATIONNAME = "Y.CORP.YAHOO.COM\\ltsung";
				TargetAttributes = {
					F759A56A19C4E80700021ADC = {
						CreatedOnToolsVersion = 6.0;
					};
					F759A57C19C4E80700021ADC = {
						CreatedOnToolsVersion = 6.0;
						TestTargetID = F759A56A19C4E80700021ADC;
					};
				};
			};
			buildConfigurationList = F759A56619C4E80700021ADC /* Build configuration list for PBXProject "Project_2" */;
			compatibilityVersion = "Xcode 3.2";
			developmentRegion = English;
			hasScannedForEncodings = 0;
			knownRegions = (
				en,
				Base,
			);
			mainGroup = F759A56219C4E80700021ADC;
			productRefGroup = F759A56C19C4E80700021ADC /* Products */;
			projectDirPath = "";
			projectRoot = "";
			targets = (
				F759A56A19C4E80700021ADC /* Project_2 */,
				F759A57C19C4E80700021ADC /* Project_2Tests */,
			);
		};
/* End PBXProject section */

/* Begin PBXResourcesBuildPhase section */
		F759A56919C4E80700021ADC /* Resources */ = {
			isa = PBXResourcesBuildPhase;
			buildActionMask = 2147483647;
			files = (
				F759A57619C4E80700021ADC /* Main.storyboard in Resources */,
				F759A57819C4E80700021ADC /* Images.xcassets in Resources */,
			);
			runOnlyForDeploymentPostprocessing = 0;
		};
		F759A57B19C4E80700021ADC /* Resources */ = {
			isa = PBXResourcesBuildPhase;
			buildActionMask = 2147483647;
			files = (
			);
			runOnlyForDeploymentPostprocessing = 0;
		};
/* End PBXResourcesBuildPhase section */

/* Begin PBXSourcesBuildPhase section */
		F759A56719C4E80700021ADC /* Sources */ = {
			isa = PBXSourcesBuildPhase;
			buildActionMask = 2147483647;
			files = (
				F759A59119C4FE8400021ADC /* SigninViewController.swift in Sources */,
				F759A58F19C4ED7500021ADC /* IntroViewController.swift in Sources */,
				F759A59719C5386C00021ADC /* ConversationsViewController.swift in Sources */,
				F759A59319C5171400021ADC /* TutorialViewController.swift in Sources */,
				F759A59D19C55DEB00021ADC /* TermsViewController.swift in Sources */,
				F759A57319C4E80700021ADC /* ViewController.swift in Sources */,
				F759A57119C4E80700021ADC /* AppDelegate.swift in Sources */,
				F759A59519C5329800021ADC /* TimelineViewController.swift in Sources */,
				F759A59919C5388300021ADC /* SettingsViewController.swift in Sources */,
				F759A59B19C5522C00021ADC /* AccountViewController.swift in Sources */,
			);
			runOnlyForDeploymentPostprocessing = 0;
		};
		F759A57919C4E80700021ADC /* Sources */ = {
			isa = PBXSourcesBuildPhase;
			buildActionMask = 2147483647;
			files = (
				F759A58419C4E80800021ADC /* Project_2Tests.swift in Sources */,
			);
			runOnlyForDeploymentPostprocessing = 0;
		};
/* End PBXSourcesBuildPhase section */

/* Begin PBXTargetDependency section */
		F759A57F19C4E80800021ADC /* PBXTargetDependency */ = {
			isa = PBXTargetDependency;
			target = F759A56A19C4E80700021ADC /* Project_2 */;
			targetProxy = F759A57E19C4E80800021ADC /* PBXContainerItemProxy */;
		};
/* End PBXTargetDependency section */

/* Begin PBXVariantGroup section */
		F759A57419C4E80700021ADC /* Main.storyboard */ = {
			isa = PBXVariantGroup;
			children = (
				F759A57519C4E80700021ADC /* Base */,
			);
			name = Main.storyboard;
			sourceTree = "<group>";
		};
/* End PBXVariantGroup section */

/* Begin XCBuildConfiguration section */
		F759A58519C4E80800021ADC /* Debug */ = {
			isa = XCBuildConfiguration;
			buildSettings = {
				ALWAYS_SEARCH_USER_PATHS = NO;
				CLANG_CXX_LANGUAGE_STANDARD = "gnu++0x";
				CLANG_CXX_LIBRARY = "libc++";
				CLANG_ENABLE_MODULES = YES;
				CLANG_ENABLE_OBJC_ARC = YES;
				CLANG_WARN_BOOL_CONVERSION = YES;
				CLANG_WARN_CONSTANT_CONVERSION = YES;
				CLANG_WARN_DIRECT_OBJC_ISA_USAGE = YES_ERROR;
				CLANG_WARN_EMPTY_BODY = YES;
				CLANG_WARN_ENUM_CONVERSION = YES;
				CLANG_WARN_INT_CONVERSION = YES;
				CLANG_WARN_OBJC_ROOT_CLASS = YES_ERROR;
				CLANG_WARN_UNREACHABLE_CODE = YES;
				CLANG_WARN__DUPLICATE_METHOD_MATCH = YES;
				"CODE_SIGN_IDENTITY[sdk=iphoneos*]" = "iPhone Developer";
				COPY_PHASE_STRIP = NO;
				ENABLE_STRICT_OBJC_MSGSEND = YES;
				GCC_C_LANGUAGE_STANDARD = gnu99;
				GCC_DYNAMIC_NO_PIC = NO;
				GCC_OPTIMIZATION_LEVEL = 0;
				GCC_PREPROCESSOR_DEFINITIONS = (
					"DEBUG=1",
					"$(inherited)",
				);
				GCC_SYMBOLS_PRIVATE_EXTERN = NO;
				GCC_WARN_64_TO_32_BIT_CONVERSION = YES;
				GCC_WARN_ABOUT_RETURN_TYPE = YES_ERROR;
				GCC_WARN_UNDECLARED_SELECTOR = YES;
				GCC_WARN_UNINITIALIZED_AUTOS = YES_AGGRESSIVE;
				GCC_WARN_UNUSED_FUNCTION = YES;
				GCC_WARN_UNUSED_VARIABLE = YES;
				IPHONEOS_DEPLOYMENT_TARGET = 8.0;
				MTL_ENABLE_DEBUG_INFO = YES;
				ONLY_ACTIVE_ARCH = YES;
				SDKROOT = iphoneos;
				SWIFT_OPTIMIZATION_LEVEL = "-Onone";
				TARGETED_DEVICE_FAMILY = "1,2";
			};
			name = Debug;
		};
		F759A58619C4E80800021ADC /* Release */ = {
			isa = XCBuildConfiguration;
			buildSettings = {
				ALWAYS_SEARCH_USER_PATHS = NO;
				CLANG_CXX_LANGUAGE_STANDARD = "gnu++0x";
				CLANG_CXX_LIBRARY = "libc++";
				CLANG_ENABLE_MODULES = YES;
				CLANG_ENABLE_OBJC_ARC = YES;
				CLANG_WARN_BOOL_CONVERSION = YES;
				CLANG_WARN_CONSTANT_CONVERSION = YES;
				CLANG_WARN_DIRECT_OBJC_ISA_USAGE = YES_ERROR;
				CLANG_WARN_EMPTY_BODY = YES;
				CLANG_WARN_ENUM_CONVERSION = YES;
				CLANG_WARN_INT_CONVERSION = YES;
				CLANG_WARN_OBJC_ROOT_CLASS = YES_ERROR;
				CLANG_WARN_UNREACHABLE_CODE = YES;
				CLANG_WARN__DUPLICATE_METHOD_MATCH = YES;
				"CODE_SIGN_IDENTITY[sdk=iphoneos*]" = "iPhone Developer";
				COPY_PHASE_STRIP = YES;
				ENABLE_NS_ASSERTIONS = NO;
				ENABLE_STRICT_OBJC_MSGSEND = YES;
				GCC_C_LANGUAGE_STANDARD = gnu99;
				GCC_WARN_64_TO_32_BIT_CONVERSION = YES;
				GCC_WARN_ABOUT_RETURN_TYPE = YES_ERROR;
				GCC_WARN_UNDECLARED_SELECTOR = YES;
				GCC_WARN_UNINITIALIZED_AUTOS = YES_AGGRESSIVE;
				GCC_WARN_UNUSED_FUNCTION = YES;
				GCC_WARN_UNUSED_VARIABLE = YES;
				IPHONEOS_DEPLOYMENT_TARGET = 8.0;
				MTL_ENABLE_DEBUG_INFO = NO;
				SDKROOT = iphoneos;
				TARGETED_DEVICE_FAMILY = "1,2";
				VALIDATE_PRODUCT = YES;
			};
			name = Release;
		};
		F759A58819C4E80800021ADC /* Debug */ = {
			isa = XCBuildConfiguration;
			buildSettings = {
				ASSETCATALOG_COMPILER_APPICON_NAME = AppIcon;
				ASSETCATALOG_COMPILER_LAUNCHIMAGE_NAME = LaunchImage;
				INFOPLIST_FILE = Project_2/Info.plist;
				LD_RUNPATH_SEARCH_PATHS = "$(inherited) @executable_path/Frameworks";
				PRODUCT_NAME = "$(TARGET_NAME)";
			};
			name = Debug;
		};
		F759A58919C4E80800021ADC /* Release */ = {
			isa = XCBuildConfiguration;
			buildSettings = {
				ASSETCATALOG_COMPILER_APPICON_NAME = AppIcon;
				ASSETCATALOG_COMPILER_LAUNCHIMAGE_NAME = LaunchImage;
				INFOPLIST_FILE = Project_2/Info.plist;
				LD_RUNPATH_SEARCH_PATHS = "$(inherited) @executable_path/Frameworks";
				PRODUCT_NAME = "$(TARGET_NAME)";
			};
			name = Release;
		};
		F759A58B19C4E80800021ADC /* Debug */ = {
			isa = XCBuildConfiguration;
			buildSettings = {
				BUNDLE_LOADER = "$(TEST_HOST)";
				FRAMEWORK_SEARCH_PATHS = (
					"$(SDKROOT)/Developer/Library/Frameworks",
					"$(inherited)",
				);
				GCC_PREPROCESSOR_DEFINITIONS = (
					"DEBUG=1",
					"$(inherited)",
				);
				INFOPLIST_FILE = Project_2Tests/Info.plist;
				LD_RUNPATH_SEARCH_PATHS = "$(inherited) @executable_path/Frameworks @loader_path/Frameworks";
				PRODUCT_NAME = "$(TARGET_NAME)";
				TEST_HOST = "$(BUILT_PRODUCTS_DIR)/Project_2.app/Project_2";
			};
			name = Debug;
		};
		F759A58C19C4E80800021ADC /* Release */ = {
			isa = XCBuildConfiguration;
			buildSettings = {
				BUNDLE_LOADER = "$(TEST_HOST)";
				FRAMEWORK_SEARCH_PATHS = (
					"$(SDKROOT)/Developer/Library/Frameworks",
					"$(inherited)",
				);
				INFOPLIST_FILE = Project_2Tests/Info.plist;
				LD_RUNPATH_SEARCH_PATHS = "$(inherited) @executable_path/Frameworks @loader_path/Frameworks";
				PRODUCT_NAME = "$(TARGET_NAME)";
				TEST_HOST = "$(BUILT_PRODUCTS_DIR)/Project_2.app/Project_2";
			};
			name = Release;
		};
/* End XCBuildConfiguration section */

/* Begin XCConfigurationList section */
		F759A56619C4E80700021ADC /* Build configuration list for PBXProject "Project_2" */ = {
			isa = XCConfigurationList;
			buildConfigurations = (
				F759A58519C4E80800021ADC /* Debug */,
				F759A58619C4E80800021ADC /* Release */,
			);
			defaultConfigurationIsVisible = 0;
			defaultConfigurationName = Release;
		};
		F759A58719C4E80800021ADC /* Build configuration list for PBXNativeTarget "Project_2" */ = {
			isa = XCConfigurationList;
			buildConfigurations = (
				F759A58819C4E80800021ADC /* Debug */,
				F759A58919C4E80800021ADC /* Release */,
			);
			defaultConfigurationIsVisible = 0;
		};
		F759A58A19C4E80800021ADC /* Build configuration list for PBXNativeTarget "Project_2Tests" */ = {
			isa = XCConfigurationList;
			buildConfigurations = (
				F759A58B19C4E80800021ADC /* Debug */,
				F759A58C19C4E80800021ADC /* Release */,
			);
			defaultConfigurationIsVisible = 0;
		};
/* End XCConfigurationList section */
	};
	rootObject = F759A56319C4E80700021ADC /* Project object */;
}
